
Microsoft Visual Studio Solution File, Format Version 11.00
# Visual Studio 2010
Project("{8BC9CEB8-8B4A-11D0-8D11-00A0C91BC942}") = "TestHardWare", "TestHardWare\TestHardWare.vcxproj", "{D07B1D05-7170-4BDF-8B92-951F55129380}"
EndProject
Global
	GlobalSection(SolutionConfigurationPlatforms) = preSolution
		Debug|Win32 = Debug|Win32
		Release|Win32 = Release|Win32
	EndGlobalSection
	GlobalSection(ProjectConfigurationPlatforms) = postSolution
		{D07B1D05-7170-4BDF-8B92-951F55129380}.Debug|Win32.ActiveCfg = Debug|Win32
		{D07B1D05-7170-4BDF-8B92-951F55129380}.Debug|Win32.Build.0 = Debug|Win32
		{D07B1D05-7170-4BDF-8B92-951F55129380}.Release|Win32.ActiveCfg = Release|Win32
		{D07B1D05-7170-4BDF-8B92-951F55129380}.Release|Win32.Build.0 = Release|Win32
	EndGlobalSection
	GlobalSection(SolutionProperties) = preSolution
		HideSolutionNode = FALSE
	EndGlobalSection
EndGlobal
